// !$*UTF8*$!
{
	archiveVersion = 1;
	classes = {
	};
	objectVersion = 46;
	objects = {

/* Begin PBXBuildFile section */
		2AF3E2471ACC838600EAAFFE /* AppDelegate.swift in Sources */ = {isa = PBXBuildFile; fileRef = 2AF3E2461ACC838600EAAFFE /* AppDelegate.swift */; };
		2AF3E2491ACC838600EAAFFE /* ViewController.swift in Sources */ = {isa = PBXBuildFile; fileRef = 2AF3E2481ACC838600EAAFFE /* ViewController.swift */; };
		2AF3E24C1ACC838600EAAFFE /* Main.storyboard in Resources */ = {isa = PBXBuildFile; fileRef = 2AF3E24A1ACC838600EAAFFE /* Main.storyboard */; };
		2AF3E24E1ACC838600EAAFFE /* Images.xcassets in Resources */ = {isa = PBXBuildFile; fileRef = 2AF3E24D1ACC838600EAAFFE /* Images.xcassets */; };
		2AF3E2511ACC838600EAAFFE /* LaunchScreen.xib in Resources */ = {isa = PBXBuildFile; fileRef = 2AF3E24F1ACC838600EAAFFE /* LaunchScreen.xib */; };
		2AF3E25D1ACC838600EAAFFE /* FlashlightTests.swift in Sources */ = {isa = PBXBuildFile; fileRef = 2AF3E25C1ACC838600EAAFFE /* FlashlightTests.swift */; };
/* End PBXBuildFile section */

/* Begin PBXContainerItemProxy section */
		2AF3E2571ACC838600EAAFFE /* PBXContainerItemProxy */ = {
			isa = PBXContainerItemProxy;
			containerPortal = 2AF3E2391ACC838600EAAFFE /* Project object */;
			proxyType = 1;
			remoteGlobalIDString = 2AF3E2401ACC838600EAAFFE;
			remoteInfo = Flashlight;
		};
/* End PBXContainerItemProxy section */

/* Begin PBXFileReference section */
		2AF3E2411ACC838600EAAFFE /* Flashlight.app */ = {isa = PBXFileReference; explicitFileType = wrapper.application; includeInIndex = 0; path = Flashlight.app; sourceTree = BUILT_PRODUCTS_DIR; };
		2AF3E2451ACC838600EAAFFE /* Info.plist */ = {isa = PBXFileReference; lastKnownFileType = text.plist.xml; path = Info.plist; sourceTree = "<group>"; };
		2AF3E2461ACC838600EAAFFE /* AppDelegate.swift */ = {isa = PBXFileReference; lastKnownFileType = sourcecode.swift; path = AppDelegate.swift; sourceTree = "<group>"; };
		2AF3E2481ACC838600EAAFFE /* ViewController.swift */ = {isa = PBXFileReference; lastKnownFileType = sourcecode.swift; path = ViewController.swift; sourceTree = "<group>"; };
		2AF3E24B1ACC838600EAAFFE /* Base */ = {isa = PBXFileReference; lastKnownFileType = file.storyboard; name = Base; path = Base.lproj/Main.storyboard; sourceTree = "<group>"; };
		2AF3E24D1ACC838600EAAFFE /* Images.xcassets */ = {isa = PBXFileReference; lastKnownFileType = folder.assetcatalog; path = Images.xcassets; sourceTree = "<group>"; };
		2AF3E2501ACC838600EAAFFE /* Base */ = {isa = PBXFileReference; lastKnownFileType = file.xib; name = Base; path = Base.lproj/LaunchScreen.xib; sourceTree = "<group>"; };
		2AF3E2561ACC838600EAAFFE /* FlashlightTests.xctest */ = {isa = PBXFileReference; explicitFileType = wrapper.cfbundle; includeInIndex = 0; path = FlashlightTests.xctest; sourceTree = BUILT_PRODUCTS_DIR; };
		2AF3E25B1ACC838600EAAFFE /* Info.plist */ = {isa = PBXFileReference; lastKnownFileType = text.plist.xml; path = Info.plist; sourceTree = "<group>"; };
		2AF3E25C1ACC838600EAAFFE /* FlashlightTests.swift */ = {isa = PBXFileReference; lastKnownFileType = sourcecode.swift; path = FlashlightTests.swift; sourceTree = "<group>"; };
/* End PBXFileReference section */

/* Begin PBXFrameworksBuildPhase section */
		2AF3E23E1ACC838600EAAFFE /* Frameworks */ = {
			isa = PBXFrameworksBuildPhase;
			buildActionMask = 2147483647;
			files = (
			);
			runOnlyForDeploymentPostprocessing = 0;
		};
		2AF3E2531ACC838600EAAFFE /* Frameworks */ = {
			isa = PBXFrameworksBuildPhase;
			buildActionMask = 2147483647;
			files = (
			);
			runOnlyForDeploymentPostprocessing = 0;
		};
/* End PBXFrameworksBuildPhase section */

/* Begin PBXGroup section */
		2AF3E2381ACC838600EAAFFE = {
			isa = PBXGroup;
			children = (
				2AF3E2431ACC838600EAAFFE /* Flashlight */,
				2AF3E2591ACC838600EAAFFE /* FlashlightTests */,
				2AF3E2421ACC838600EAAFFE /* Products */,
			);
			sourceTree = "<group>";
		};
		2AF3E2421ACC838600EAAFFE /* Products */ = {
			isa = PBXGroup;
			children = (
				2AF3E2411ACC838600EAAFFE /* Flashlight.app */,
				2AF3E2561ACC838600EAAFFE /* FlashlightTests.xctest */,
			);
			name = Products;
			sourceTree = "<group>";
		};
		2AF3E2431ACC838600EAAFFE /* Flashlight */ = {
			isa = PBXGroup;
			children = (
				2AF3E2461ACC838600EAAFFE /* AppDelegate.swift */,
				2AF3E2481ACC838600EAAFFE /* ViewController.swift */,
				2AF3E24A1ACC838600EAAFFE /* Main.storyboard */,
				2AF3E24D1ACC838600EAAFFE /* Images.xcassets */,
				2AF3E24F1ACC838600EAAFFE /* LaunchScreen.xib */,
				2AF3E2441ACC838600EAAFFE /* Supporting Files */,
			);
			path = Flashlight;
			sourceTree = "<group>";
		};
		2AF3E2441ACC838600EAAFFE /* Supporting Files */ = {
			isa = PBXGroup;
			children = (
				2AF3E2451ACC838600EAAFFE /* Info.plist */,
			);
			name = "Supporting Files";
			sourceTree = "<group>";
		};
		2AF3E2591ACC838600EAAFFE /* FlashlightTests */ = {
			isa = PBXGroup;
			children = (
				2AF3E25C1ACC838600EAAFFE /* FlashlightTests.swift */,
				2AF3E25A1ACC838600EAAFFE /* Supporting Files */,
			);
			path = FlashlightTests;
			sourceTree = "<group>";
		};
		2AF3E25A1ACC838600EAAFFE /* Supporting Files */ = {
			isa = PBXGroup;
			children = (
				2AF3E25B1ACC838600EAAFFE /* Info.plist */,
			);
			name = "Supporting Files";
			sourceTree = "<group>";
		};
/* End PBXGroup section */

/* Begin PBXNativeTarget section */
		2AF3E2401ACC838600EAAFFE /* Flashlight */ = {
			isa = PBXNativeTarget;
			buildConfigurationList = 2AF3E2601ACC838600EAAFFE /* Build configuration list for PBXNativeTarget "Flashlight" */;
			buildPhases = (
				2AF3E23D1ACC838600EAAFFE /* Sources */,
				2AF3E23E1ACC838600EAAFFE /* Frameworks */,
				2AF3E23F1ACC838600EAAFFE /* Resources */,
			);
			buildRules = (
			);
			dependencies = (
			);
			name = Flashlight;
			productName = Flashlight;
			productReference = 2AF3E2411ACC838600EAAFFE /* Flashlight.app */;
			productType = "com.apple.product-type.application";
		};
		2AF3E2551ACC838600EAAFFE /* FlashlightTests */ = {
			isa = PBXNativeTarget;
			buildConfigurationList = 2AF3E2631ACC838600EAAFFE /* Build configuration list for PBXNativeTarget "FlashlightTests" */;
			buildPhases = (
				2AF3E2521ACC838600EAAFFE /* Sources */,
				2AF3E2531ACC838600EAAFFE /* Frameworks */,
				2AF3E2541ACC838600EAAFFE /* Resources */,
			);
			buildRules = (
			);
			dependencies = (
				2AF3E2581ACC838600EAAFFE /* PBXTargetDependency */,
			);
			name = FlashlightTests;
			productName = FlashlightTests;
			productReference = 2AF3E2561ACC838600EAAFFE /* FlashlightTests.xctest */;
			productType = "com.apple.product-type.bundle.unit-test";
		};
/* End PBXNativeTarget section */

/* Begin PBXProject section */
		2AF3E2391ACC838600EAAFFE /* Project object */ = {
			isa = PBXProject;
			attributes = {
				LastSwiftUpdateCheck = 0710;
				LastUpgradeCheck = 0710;
				ORGANIZATIONNAME = "Your School";
				TargetAttributes = {
					2AF3E2401ACC838600EAAFFE = {
						CreatedOnToolsVersion = 6.3;
					};
					2AF3E2551ACC838600EAAFFE = {
						CreatedOnToolsVersion = 6.3;
						TestTargetID = 2AF3E2401ACC838600EAAFFE;
					};
				};
			};
			buildConfigurationList = 2AF3E23C1ACC838600EAAFFE /* Build configuration list for PBXProject "Flashlight" */;
			compatibilityVersion = "Xcode 3.2";
			developmentRegion = English;
			hasScannedForEncodings = 0;
			knownRegions = (
				en,
				Base,
			);
			mainGroup = 2AF3E2381ACC838600EAAFFE;
			productRefGroup = 2AF3E2421ACC838600EAAFFE /* Products */;
			projectDirPath = "";
			projectRoot = "";
			targets = (
				2AF3E2401ACC838600EAAFFE /* Flashlight */,
				2AF3E2551ACC838600EAAFFE /* FlashlightTests */,
			);
		};
/* End PBXProject section */

/* Begin PBXResourcesBuildPhase section */
		2AF3E23F1ACC838600EAAFFE /* Resources */ = {
			isa = PBXResourcesBuildPhase;
			buildActionMask = 2147483647;
			files = (
				2AF3E24C1ACC838600EAAFFE /* Main.storyboard in Resources */,
				2AF3E2511ACC838600EAAFFE /* LaunchScreen.xib in Resources */,
				2AF3E24E1ACC838600EAAFFE /* Images.xcassets in Resources */,
			);
			runOnlyForDeploymentPostprocessing = 0;
		};
		2AF3E2541ACC838600EAAFFE /* Resources */ = {
			isa = PBXResourcesBuildPhase;
			buildActionMask = 2147483647;
			files = (
			);
			runOnlyForDeploymentPostprocessing = 0;
		};
/* End PBXResourcesBuildPhase section */

/* Begin PBXSourcesBuildPhase section */
		2AF3E23D1ACC838600EAAFFE /* Sources */ = {
			isa = PBXSourcesBuildPhase;
			buildActionMask = 2147483647;
			files = (
				2AF3E2491ACC838600EAAFFE /* ViewController.swift in Sources */,
				2AF3E2471ACC838600EAAFFE /* AppDelegate.swift in Sources */,
			);
			runOnlyForDeploymentPostprocessing = 0;
		};
		2AF3E2521ACC838600EAAFFE /* Sources */ = {
			isa = PBXSourcesBuildPhase;
			buildActionMask = 2147483647;
			files = (
				2AF3E25D1ACC838600EAAFFE /* FlashlightTests.swift in Sources */,
			);
			runOnlyForDeploymentPostprocessing = 0;
		};
/* End PBXSourcesBuildPhase section */

/* Begin PBXTargetDependency section */
		2AF3E2581ACC838600EAAFFE /* PBXTargetDependency */ = {
			isa = PBXTargetDependency;
			target = 2AF3E2401ACC838600EAAFFE /* Flashlight */;
			targetProxy = 2AF3E2571ACC838600EAAFFE /* PBXContainerItemProxy */;
		};
/* End PBXTargetDependency section */

/* Begin PBXVariantGroup section */
		2AF3E24A1ACC838600EAAFFE /* Main.storyboard */ = {
			isa = PBXVariantGroup;
			children = (
				2AF3E24B1ACC838600EAAFFE /* Base */,
			);
			name = Main.storyboard;
			sourceTree = "<group>";
		};
		2AF3E24F1ACC838600EAAFFE /* LaunchScreen.xib */ = {
			isa = PBXVariantGroup;
			children = (
				2AF3E2501ACC838600EAAFFE /* Base */,
			);
			name = LaunchScreen.xib;
			sourceTree = "<group>";
		};
/* End PBXVariantGroup section */

/* Begin XCBuildConfiguration section */
		2AF3E25E1ACC838600EAAFFE /* Debug */ = {
			isa = XCBuildConfiguration;
			buildSettings = {
				ALWAYS_SEARCH_USER_PATHS = NO;
				CLANG_CXX_LANGUAGE_STANDARD = "gnu++0x";
				CLANG_CXX_LIBRARY = "libc++";
				CLANG_ENABLE_MODULES = YES;
				CLANG_ENABLE_OBJC_ARC = YES;
				CLANG_WARN_BOOL_CONVERSION = YES;
				CLANG_WARN_CONSTANT_CONVERSION = YES;
				CLANG_WARN_DIRECT_OBJC_ISA_USAGE = YES_ERROR;
				CLANG_WARN_EMPTY_BODY = YES;
				CLANG_WARN_ENUM_CONVERSION = YES;
				CLANG_WARN_INT_CONVERSION = YES;
				CLANG_WARN_OBJC_ROOT_CLASS = YES_ERROR;
				CLANG_WARN_UNREACHABLE_CODE = YES;
				CLANG_WARN__DUPLICATE_METHOD_MATCH = YES;
				"CODE_SIGN_IDENTITY[sdk=iphoneos*]" = "iPhone Developer";
				COPY_PHASE_STRIP = NO;
				DEBUG_INFORMATION_FORMAT = "dwarf-with-dsym";
				ENABLE_STRICT_OBJC_MSGSEND = YES;
				ENABLE_TESTABILITY = YES;
				GCC_C_LANGUAGE_STANDARD = gnu99;
				GCC_DYNAMIC_NO_PIC = NO;
				GCC_NO_COMMON_BLOCKS = YES;
				GCC_OPTIMIZATION_LEVEL = 0;
				GCC_PREPROCESSOR_DEFINITIONS = (
					"DEBUG=1",
					"$(inherited)",
				);
				GCC_SYMBOLS_PRIVATE_EXTERN = NO;
				GCC_WARN_64_TO_32_BIT_CONVERSION = YES;
				GCC_WARN_ABOUT_RETURN_TYPE = YES_ERROR;
				GCC_WARN_UNDECLARED_SELECTOR = YES;
				GCC_WARN_UNINITIALIZED_AUTOS = YES_AGGRESSIVE;
				GCC_WARN_UNUSED_FUNCTION = YES;
				GCC_WARN_UNUSED_VARIABLE = YES;
				IPHONEOS_DEPLOYMENT_TARGET = 8.3;
				MTL_ENABLE_DEBUG_INFO = YES;
				ONLY_ACTIVE_ARCH = YES;
				SDKROOT = iphoneos;
				SWIFT_OPTIMIZATION_LEVEL = "-Onone";
			};
			name = Debug;
		};
		2AF3E25F1ACC838600EAAFFE /* Release */ = {
			isa = XCBuildConfiguration;
			buildSettings = {
				ALWAYS_SEARCH_USER_PATHS = NO;
				CLANG_CXX_LANGUAGE_STANDARD = "gnu++0x";
				CLANG_CXX_LIBRARY = "libc++";
				CLANG_ENABLE_MODULES = YES;
				CLANG_ENABLE_OBJC_ARC = YES;
				CLANG_WARN_BOOL_CONVERSION = YES;
				CLANG_WARN_CONSTANT_CONVERSION = YES;
				CLANG_WARN_DIRECT_OBJC_ISA_USAGE = YES_ERROR;
				CLANG_WARN_EMPTY_BODY = YES;
				CLANG_WARN_ENUM_CONVERSION = YES;
				CLANG_WARN_INT_CONVERSION = YES;
				CLANG_WARN_OBJC_ROOT_CLASS = YES_ERROR;
				CLANG_WARN_UNREACHABLE_CODE = YES;
				CLANG_WARN__DUPLICATE_METHOD_MATCH = YES;
				"CODE_SIGN_IDENTITY[sdk=iphoneos*]" = "iPhone Developer";
				COPY_PHASE_STRIP = NO;
				DEBUG_INFORMATION_FORMAT = "dwarf-with-dsym";
				ENABLE_NS_ASSERTIONS = NO;
				ENABLE_STRICT_OBJC_MSGSEND = YES;
				GCC_C_LANGUAGE_STANDARD = gnu99;
				GCC_NO_COMMON_BLOCKS = YES;
				GCC_WARN_64_TO_32_BIT_CONVERSION = YES;
				GCC_WARN_ABOUT_RETURN_TYPE = YES_ERROR;
				GCC_WARN_UNDECLARED_SELECTOR = YES;
				GCC_WARN_UNINITIALIZED_AUTOS = YES_AGGRESSIVE;
				GCC_WARN_UNUSED_FUNCTION = YES;
				GCC_WARN_UNUSED_VARIABLE = YES;
				IPHONEOS_DEPLOYMENT_TARGET = 8.3;
				MTL_ENABLE_DEBUG_INFO = NO;
				SDKROOT = iphoneos;
				VALIDATE_PRODUCT = YES;
			};
			name = Release;
		};
		2AF3E2611ACC838600EAAFFE /* Debug */ = {
			isa = XCBuildConfiguration;
			buildSettings = {
				ASSETCATALOG_COMPILER_APPICON_NAME = AppIcon;
				INFOPLIST_FILE = Flashlight/Info.plist;
				LD_RUNPATH_SEARCH_PATHS = "$(inherited) @executable_path/Frameworks";
				PRODUCT_BUNDLE_IDENTIFIER = "edu.yourschool.$(PRODUCT_NAME:rfc1034identifier)";
				PRODUCT_NAME = "$(TARGET_NAME)";
				TARGETED_DEVICE_FAMILY = "1,2";
			};
			name = Debug;
		};
		2AF3E2621ACC838600EAAFFE /* Release */ = {
			isa = XCBuildConfiguration;
			buildSettings = {
				ASSETCATALOG_COMPILER_APPICON_NAME = AppIcon;
				INFOPLIST_FILE = Flashlight/Info.plist;
				LD_RUNPATH_SEARCH_PATHS = "$(inherited) @executable_path/Frameworks";
				PRODUCT_BUNDLE_IDENTIFIER = "edu.yourschool.$(PRODUCT_NAME:rfc1034identifier)";
				PRODUCT_NAME = "$(TARGET_NAME)";
				TARGETED_DEVICE_FAMILY = "1,2";
			};
			name = Release;
		};
		2AF3E2641ACC838600EAAFFE /* Debug */ = {
			isa = XCBuildConfiguration;
			buildSettings = {
				BUNDLE_LOADER = "$(TEST_HOST)";
				GCC_PREPROCESSOR_DEFINITIONS = (
					"DEBUG=1",
					"$(inherited)",
				);
				INFOPLIST_FILE = FlashlightTests/Info.plist;
				LD_RUNPATH_SEARCH_PATHS = "$(inherited) @executable_path/Frameworks @loader_path/Frameworks";
				PRODUCT_BUNDLE_IDENTIFIER = "edu.yourschool.$(PRODUCT_NAME:rfc1034identifier)";
				PRODUCT_NAME = "$(TARGET_NAME)";
				TEST_HOST = "$(BUILT_PRODUCTS_DIR)/Flashlight.app/Flashlight";
			};
			name = Debug;
		};
		2AF3E2651ACC838600EAAFFE /* Release */ = {
			isa = XCBuildConfiguration;
			buildSettings = {
				BUNDLE_LOADER = "$(TEST_HOST)";
				INFOPLIST_FILE = FlashlightTests/Info.plist;
				LD_RUNPATH_SEARCH_PATHS = "$(inherited) @executable_path/Frameworks @loader_path/Frameworks";
				PRODUCT_BUNDLE_IDENTIFIER = "edu.yourschool.$(PRODUCT_NAME:rfc1034identifier)";
				PRODUCT_NAME = "$(TARGET_NAME)";
				TEST_HOST = "$(BUILT_PRODUCTS_DIR)/Flashlight.app/Flashlight";
			};
			name = Release;
		};
/* End XCBuildConfiguration section */

/* Begin XCConfigurationList section */
		2AF3E23C1ACC838600EAAFFE /* Build configuration list for PBXProject "Flashlight" */ = {
			isa = XCConfigurationList;
			buildConfigurations = (
				2AF3E25E1ACC838600EAAFFE /* Debug */,
				2AF3E25F1ACC838600EAAFFE /* Release */,
			);
			defaultConfigurationIsVisible = 0;
			defaultConfigurationName = Release;
		};
		2AF3E2601ACC838600EAAFFE /* Build configuration list for PBXNativeTarget "Flashlight" */ = {
			isa = XCConfigurationList;
			buildConfigurations = (
				2AF3E2611ACC838600EAAFFE /* Debug */,
				2AF3E2621ACC838600EAAFFE /* Release */,
			);
			defaultConfigurationIsVisible = 0;
			defaultConfigurationName = Release;
		};
		2AF3E2631ACC838600EAAFFE /* Build configuration list for PBXNativeTarget "FlashlightTests" */ = {
			isa = XCConfigurationList;
			buildConfigurations = (
				2AF3E2641ACC838600EAAFFE /* Debug */,
				2AF3E2651ACC838600EAAFFE /* Release */,
			);
			defaultConfigurationIsVisible = 0;
			defaultConfigurationName = Release;
		};
/* End XCConfigurationList section */
	};
	rootObject = 2AF3E2391ACC838600EAAFFE /* Project object */;
}
